
Microsoft Visual Studio Solution File, Format Version 12.00
# Visual Studio Version 16
VisualStudioVersion = 16.0.29123.88
MinimumVisualStudioVersion = 10.0.40219.1
Project("{8BC9CEB8-8B4A-11D0-8D11-00A0C91BC942}") = "RailModel", "RailModel\RailModel.vcxproj", "{2EFC94AF-6006-4A62-945C-D70716DFF63D}"
EndProject
Global
	GlobalSection(SolutionConfigurationPlatforms) = preSolution
		Debug|x64 = Debug|x64
		Debug|x86 = Debug|x86
		Release|x64 = Release|x64
		Release|x86 = Release|x86
	EndGlobalSection
	GlobalSection(ProjectConfigurationPlatforms) = postSolution
		{2EFC94AF-6006-4A62-945C-D70716DFF63D}.Debug|x64.ActiveCfg = Debug|x64
		{2EFC94AF-6006-4A62-945C-D70716DFF63D}.Debug|x64.Build.0 = Debug|x64
		{2EFC94AF-6006-4A62-945C-D70716DFF63D}.Debug|x86.ActiveCfg = Debug|Win32
		{2EFC94AF-6006-4A62-945C-D70716DFF63D}.Debug|x86.Build.0 = Debug|Win32
		{2EFC94AF-6006-4A62-945C-D70716DFF63D}.Release|x64.ActiveCfg = Release|x64
		{2EFC94AF-6006-4A62-945C-D70716DFF63D}.Release|x64.Build.0 = Release|x64
		{2EFC94AF-6006-4A62-945C-D70716DFF63D}.Release|x86.ActiveCfg = Release|Win32
		{2EFC94AF-6006-4A62-945C-D70716DFF63D}.Release|x86.Build.0 = Release|Win32
	EndGlobalSection
	GlobalSection(SolutionProperties) = preSolution
		HideSolutionNode = FALSE
	EndGlobalSection
	GlobalSection(ExtensibilityGlobals) = postSolution
		SolutionGuid = {A0E94E66-D85E-457C-A25C-65E87F53170B}
	EndGlobalSection
EndGlobal
